
Microsoft Visual Studio Solution File, Format Version 12.00
# Visual Studio Version 17
VisualStudioVersion = 17.2.32630.192
MinimumVisualStudioVersion = 10.0.40219.1
Project("{FAE04EC0-301F-11D3-BF4B-00C04F79EFBC}") = "MCOFramework", "MCO-Framework\MCOFramework.csproj", "{56605108-B7BD-4A15-813E-C120A85B6B72}"
EndProject
Global
	GlobalSection(SolutionConfigurationPlatforms) = preSolution
		Debug|Any CPU = Debug|Any CPU
		Release|Any CPU = Release|Any CPU
	EndGlobalSection
	GlobalSection(ProjectConfigurationPlatforms) = postSolution
		{56605108-B7BD-4A15-813E-C120A85B6B72}.Debug|Any CPU.ActiveCfg = Debug|Any CPU
		{56605108-B7BD-4A15-813E-C120A85B6B72}.Debug|Any CPU.Build.0 = Debug|Any CPU
		{56605108-B7BD-4A15-813E-C120A85B6B72}.Release|Any CPU.ActiveCfg = Release|Any CPU
		{56605108-B7BD-4A15-813E-C120A85B6B72}.Release|Any CPU.Build.0 = Release|Any CPU
	EndGlobalSection
	GlobalSection(SolutionProperties) = preSolution
		HideSolutionNode = FALSE
	EndGlobalSection
	GlobalSection(ExtensibilityGlobals) = postSolution
		SolutionGuid = {88605314-0F52-4ECF-90A3-3D6B6B9095FB}
	EndGlobalSection
EndGlobal
